<Solution>
  <Folder Name="/src/">
    <Project Path="src/DataRepo.Bundle/DataRepo.Bundle.csproj" />
    <Project Path="src/DataRepo.Cli/DataRepo.Cli.csproj" />
    <Project Path="src/DataRepo.Catalog/DataRepo.Catalog.csproj" />
    <Project Path="src/DataRepo.Ingest/DataRepo.Ingest.csproj" />
    <Project Path="src/DataRepo.Parity/DataRepo.Parity.csproj" />
    <Project Path="src/DataRepo.Runner/DataRepo.Runner.csproj" />
    <Project Path="src/DataRepo.SchemaGen/DataRepo.SchemaGen.csproj" />
    <Project Path="src/DataRepo.Study/DataRepo.Study.csproj" />
    <Project Path="src/DataRepo.Site/DataRepo.Site.csproj" />
  </Folder>
  <Folder Name="/tests/">
    <Project Path="tests/DataRepo.Tests/DataRepo.Tests.csproj" />
  </Folder>
</Solution>
